
Microsoft Visual Studio Solution File, Format Version 12.00
# Visual Studio Version 16
VisualStudioVersion = 16.0.30128.74
MinimumVisualStudioVersion = 10.0.40219.1
Project("{FAE04EC0-301F-11D3-BF4B-00C04F79EFBC}") = "FreshView.Core", "FreshView.Core\FreshView.Core.csproj", "{27502C84-47C8-4E5B-AC64-CA0B526DE231}"
EndProject
Global
	GlobalSection(SolutionConfigurationPlatforms) = preSolution
		Debug|Any CPU = Debug|Any CPU
		Release|Any CPU = Release|Any CPU
	EndGlobalSection
	GlobalSection(ProjectConfigurationPlatforms) = postSolution
		{27502C84-47C8-4E5B-AC64-CA0B526DE231}.Debug|Any CPU.ActiveCfg = Debug|Any CPU
		{27502C84-47C8-4E5B-AC64-CA0B526DE231}.Debug|Any CPU.Build.0 = Debug|Any CPU
		{27502C84-47C8-4E5B-AC64-CA0B526DE231}.Release|Any CPU.ActiveCfg = Release|Any CPU
		{27502C84-47C8-4E5B-AC64-CA0B526DE231}.Release|Any CPU.Build.0 = Release|Any CPU
	EndGlobalSection
	GlobalSection(SolutionProperties) = preSolution
		HideSolutionNode = FALSE
	EndGlobalSection
	GlobalSection(ExtensibilityGlobals) = postSolution
		SolutionGuid = {4F403A37-B961-4E71-82B6-10D44F6FD40C}
	EndGlobalSection
EndGlobal
